
Microsoft Visual Studio Solution File, Format Version 12.00
# Visual Studio Version 16
VisualStudioVersion = 16.0.30320.27
MinimumVisualStudioVersion = 10.0.40219.1
Project("{FAE04EC0-301F-11D3-BF4B-00C04F79EFBC}") = "SpookVooper.Api", "SpookVooper.Api\SpookVooper.Api.csproj", "{2B6CBF9F-89E0-49AB-8A7A-73B5D3706670}"
EndProject
Global
	GlobalSection(SolutionConfigurationPlatforms) = preSolution
		Debug|Any CPU = Debug|Any CPU
		Release|Any CPU = Release|Any CPU
	EndGlobalSection
	GlobalSection(ProjectConfigurationPlatforms) = postSolution
		{2B6CBF9F-89E0-49AB-8A7A-73B5D3706670}.Debug|Any CPU.ActiveCfg = Debug|Any CPU
		{2B6CBF9F-89E0-49AB-8A7A-73B5D3706670}.Debug|Any CPU.Build.0 = Debug|Any CPU
		{2B6CBF9F-89E0-49AB-8A7A-73B5D3706670}.Release|Any CPU.ActiveCfg = Release|Any CPU
		{2B6CBF9F-89E0-49AB-8A7A-73B5D3706670}.Release|Any CPU.Build.0 = Release|Any CPU
	EndGlobalSection
	GlobalSection(SolutionProperties) = preSolution
		HideSolutionNode = FALSE
	EndGlobalSection
	GlobalSection(ExtensibilityGlobals) = postSolution
		SolutionGuid = {3220104C-5ECD-4B1D-B167-88BF8EE12AA0}
	EndGlobalSection
EndGlobal
